{
  "version": 4,
  "terraform_version": "1.3.1",
  "serial": 4,
  "lineage": "d9734b8d-61f1-3bf5-82db-49921e1cc35d",
  "outputs": {
    "myfile_id": {
      "value": "5b011e8245a8582ccff8584a5e31382f79930490",
      "type": "string"
    }
  },
  "resources": [
    {
      "mode": "managed",
      "type": "local_file",
      "name": "myfile",
      "provider": "provider[\"registry.terraform.io/hashicorp/local\"]",
      "instances": [
        {
          "schema_version": 0,
          "attributes": {
            "content": "Hello from Terraform.",
            "content_base64": null,
            "directory_permission": "0777",
            "file_permission": "0777",
            "filename": "myfile.txt",
            "id": "5b011e8245a8582ccff8584a5e31382f79930490",
            "sensitive_content": null,
            "source": null
          },
          "sensitive_attributes": [],
          "private": "bnVsbA=="
        }
      ]
    }
  ],
  "check_results": []
}
